
Microsoft Visual Studio Solution File, Format Version 12.00
# Visual Studio Version 16
VisualStudioVersion = 16.0.29905.134
MinimumVisualStudioVersion = 10.0.40219.1
Project("{FAE04EC0-301F-11D3-BF4B-00C04F79EFBC}") = "BeautifulPictureGenerator", "BeautifulPictureGenerator\BeautifulPictureGenerator.csproj", "{760AE462-3B2F-4BEC-BB5C-D778D6102C87}"
EndProject
Global
	GlobalSection(SolutionConfigurationPlatforms) = preSolution
		Debug|Any CPU = Debug|Any CPU
		Release|Any CPU = Release|Any CPU
	EndGlobalSection
	GlobalSection(ProjectConfigurationPlatforms) = postSolution
		{760AE462-3B2F-4BEC-BB5C-D778D6102C87}.Debug|Any CPU.ActiveCfg = Debug|Any CPU
		{760AE462-3B2F-4BEC-BB5C-D778D6102C87}.Debug|Any CPU.Build.0 = Debug|Any CPU
		{760AE462-3B2F-4BEC-BB5C-D778D6102C87}.Release|Any CPU.ActiveCfg = Release|Any CPU
		{760AE462-3B2F-4BEC-BB5C-D778D6102C87}.Release|Any CPU.Build.0 = Release|Any CPU
	EndGlobalSection
	GlobalSection(SolutionProperties) = preSolution
		HideSolutionNode = FALSE
	EndGlobalSection
	GlobalSection(ExtensibilityGlobals) = postSolution
		SolutionGuid = {C8254249-E3FC-4080-AF73-1C2E99A909B4}
	EndGlobalSection
EndGlobal
